
Microsoft Visual Studio Solution File, Format Version 12.00
# Visual Studio 2012
Project("{8BC9CEB8-8B4A-11D0-8D11-00A0C91BC942}") = "USB", "USB\USB.vcxproj", "{05FEB647-1C5C-42EF-804C-624362F31FD7}"
EndProject
Project("{FAE04EC0-301F-11D3-BF4B-00C04F79EFBC}") = "Leonino", "BootProgrammer\Leonino.csproj", "{179F4D44-E418-4C8B-A62A-0989979075E8}"
EndProject
Project("{FAE04EC0-301F-11D3-BF4B-00C04F79EFBC}") = "HexParser", "HexParser\HexParser.csproj", "{BF7F76E3-4C9B-4AC0-9080-94C39065D2F5}"
EndProject
Global
	GlobalSection(SolutionConfigurationPlatforms) = preSolution
		Debug|Any CPU = Debug|Any CPU
		Debug|Mixed Platforms = Debug|Mixed Platforms
		Debug|Win32 = Debug|Win32
		Release|Any CPU = Release|Any CPU
		Release|Mixed Platforms = Release|Mixed Platforms
		Release|Win32 = Release|Win32
	EndGlobalSection
	GlobalSection(ProjectConfigurationPlatforms) = postSolution
		{05FEB647-1C5C-42EF-804C-624362F31FD7}.Debug|Any CPU.ActiveCfg = Debug|Win32
		{05FEB647-1C5C-42EF-804C-624362F31FD7}.Debug|Mixed Platforms.ActiveCfg = Debug|Win32
		{05FEB647-1C5C-42EF-804C-624362F31FD7}.Debug|Mixed Platforms.Build.0 = Debug|Win32
		{05FEB647-1C5C-42EF-804C-624362F31FD7}.Debug|Mixed Platforms.Deploy.0 = Debug|Win32
		{05FEB647-1C5C-42EF-804C-624362F31FD7}.Debug|Win32.ActiveCfg = Debug|Win32
		{05FEB647-1C5C-42EF-804C-624362F31FD7}.Debug|Win32.Build.0 = Debug|Win32
		{05FEB647-1C5C-42EF-804C-624362F31FD7}.Debug|Win32.Deploy.0 = Debug|Win32
		{05FEB647-1C5C-42EF-804C-624362F31FD7}.Release|Any CPU.ActiveCfg = Release|Win32
		{05FEB647-1C5C-42EF-804C-624362F31FD7}.Release|Mixed Platforms.ActiveCfg = Release|Win32
		{05FEB647-1C5C-42EF-804C-624362F31FD7}.Release|Mixed Platforms.Build.0 = Release|Win32
		{05FEB647-1C5C-42EF-804C-624362F31FD7}.Release|Mixed Platforms.Deploy.0 = Release|Win32
		{05FEB647-1C5C-42EF-804C-624362F31FD7}.Release|Win32.ActiveCfg = Release|Win32
		{05FEB647-1C5C-42EF-804C-624362F31FD7}.Release|Win32.Build.0 = Release|Win32
		{05FEB647-1C5C-42EF-804C-624362F31FD7}.Release|Win32.Deploy.0 = Release|Win32
		{179F4D44-E418-4C8B-A62A-0989979075E8}.Debug|Any CPU.ActiveCfg = Debug|Any CPU
		{179F4D44-E418-4C8B-A62A-0989979075E8}.Debug|Any CPU.Build.0 = Debug|Any CPU
		{179F4D44-E418-4C8B-A62A-0989979075E8}.Debug|Mixed Platforms.ActiveCfg = Debug|Any CPU
		{179F4D44-E418-4C8B-A62A-0989979075E8}.Debug|Mixed Platforms.Build.0 = Debug|Any CPU
		{179F4D44-E418-4C8B-A62A-0989979075E8}.Debug|Win32.ActiveCfg = Debug|Any CPU
		{179F4D44-E418-4C8B-A62A-0989979075E8}.Release|Any CPU.ActiveCfg = Release|Any CPU
		{179F4D44-E418-4C8B-A62A-0989979075E8}.Release|Any CPU.Build.0 = Release|Any CPU
		{179F4D44-E418-4C8B-A62A-0989979075E8}.Release|Mixed Platforms.ActiveCfg = Release|Any CPU
		{179F4D44-E418-4C8B-A62A-0989979075E8}.Release|Mixed Platforms.Build.0 = Release|Any CPU
		{179F4D44-E418-4C8B-A62A-0989979075E8}.Release|Win32.ActiveCfg = Release|Any CPU
		{BF7F76E3-4C9B-4AC0-9080-94C39065D2F5}.Debug|Any CPU.ActiveCfg = Debug|Any CPU
		{BF7F76E3-4C9B-4AC0-9080-94C39065D2F5}.Debug|Any CPU.Build.0 = Debug|Any CPU
		{BF7F76E3-4C9B-4AC0-9080-94C39065D2F5}.Debug|Mixed Platforms.ActiveCfg = Debug|Any CPU
		{BF7F76E3-4C9B-4AC0-9080-94C39065D2F5}.Debug|Mixed Platforms.Build.0 = Debug|Any CPU
		{BF7F76E3-4C9B-4AC0-9080-94C39065D2F5}.Debug|Win32.ActiveCfg = Debug|Any CPU
		{BF7F76E3-4C9B-4AC0-9080-94C39065D2F5}.Release|Any CPU.ActiveCfg = Release|Any CPU
		{BF7F76E3-4C9B-4AC0-9080-94C39065D2F5}.Release|Any CPU.Build.0 = Release|Any CPU
		{BF7F76E3-4C9B-4AC0-9080-94C39065D2F5}.Release|Mixed Platforms.ActiveCfg = Release|Any CPU
		{BF7F76E3-4C9B-4AC0-9080-94C39065D2F5}.Release|Mixed Platforms.Build.0 = Release|Any CPU
		{BF7F76E3-4C9B-4AC0-9080-94C39065D2F5}.Release|Win32.ActiveCfg = Release|Any CPU
	EndGlobalSection
	GlobalSection(SolutionProperties) = preSolution
		HideSolutionNode = FALSE
	EndGlobalSection
EndGlobal
